
Microsoft Visual Studio Solution File, Format Version 12.00
Project("{2150E333-8FDC-42A3-9474-1A3956D46DE8}") = "src", "src", "{B98CF411-A99D-4B3D-B256-8496F2990FB7}"
EndProject
Project("{2150E333-8FDC-42A3-9474-1A3956D46DE8}") = "test", "test", "{31F90361-2F19-43FA-82DD-AA2FA6D5FB6D}"
EndProject
Project("{FAE04EC0-301F-11D3-BF4B-00C04F79EFBC}") = "Northwind.Domain", "Northwind.Domain\Northwind.Domain.csproj", "{BE1E0B0D-C1BD-444E-B4BD-154B82D7D2D8}"
EndProject
Project("{2150E333-8FDC-42A3-9474-1A3956D46DE8}") = "core", "core", "{D92AE85D-1F6B-409B-99AA-8804E065C177}"
EndProject
Project("{2150E333-8FDC-42A3-9474-1A3956D46DE8}") = "external", "external", "{54ED8FE0-4F8E-4952-B01E-42DAED5B869E}"
EndProject
Project("{FAE04EC0-301F-11D3-BF4B-00C04F79EFBC}") = "Northwind.Presentation", "Northwind.Presentation\Northwind.Presentation.csproj", "{90745611-C3AB-47BE-84E9-AC292646A8BB}"
EndProject
Project("{FAE04EC0-301F-11D3-BF4B-00C04F79EFBC}") = "Northwind.Persistence", "Northwind.Persistence\Northwind.Persistence.csproj", "{FA2D1A05-1E32-42FB-B205-D32886C16553}"
EndProject
Project("{FAE04EC0-301F-11D3-BF4B-00C04F79EFBC}") = "Northwind.Application", "Northwind.Application\Northwind.Application.csproj", "{7C40CE26-0D34-4664-B8BA-3AFFCF78B66A}"
EndProject
Project("{FAE04EC0-301F-11D3-BF4B-00C04F79EFBC}") = "Northwind.ArchitectureTest", "Northwind.ArchitectureTest\Northwind.ArchitectureTest.csproj", "{09F28C80-0478-4967-90C5-CF962C7A817F}"
EndProject
Project("{FAE04EC0-301F-11D3-BF4B-00C04F79EFBC}") = "Northwind.WebApi", "Northwind.WebApi\Northwind.WebApi.csproj", "{A2342071-12BB-4AE7-8003-E39042ADF239}"
EndProject
Project("{FAE04EC0-301F-11D3-BF4B-00C04F79EFBC}") = "Northwind.UnitTest", "Northwind.UnitTest\Northwind.UnitTest.csproj", "{73E9C897-7D5C-4004-9B06-F3E6C10BE154}"
EndProject
Project("{FAE04EC0-301F-11D3-BF4B-00C04F79EFBC}") = "Northwind.Persistence.UnitTest", "Northwind.Persistence.UnitTest\Northwind.Persistence.UnitTest.csproj", "{53F22B16-F14A-4F62-AB8B-C4F12EF7C3D1}"
EndProject
Global
	GlobalSection(SolutionConfigurationPlatforms) = preSolution
		Debug|Any CPU = Debug|Any CPU
		Release|Any CPU = Release|Any CPU
	EndGlobalSection
	GlobalSection(NestedProjects) = preSolution
		{D92AE85D-1F6B-409B-99AA-8804E065C177} = {B98CF411-A99D-4B3D-B256-8496F2990FB7}
		{BE1E0B0D-C1BD-444E-B4BD-154B82D7D2D8} = {D92AE85D-1F6B-409B-99AA-8804E065C177}
		{54ED8FE0-4F8E-4952-B01E-42DAED5B869E} = {B98CF411-A99D-4B3D-B256-8496F2990FB7}
		{90745611-C3AB-47BE-84E9-AC292646A8BB} = {54ED8FE0-4F8E-4952-B01E-42DAED5B869E}
		{FA2D1A05-1E32-42FB-B205-D32886C16553} = {54ED8FE0-4F8E-4952-B01E-42DAED5B869E}
		{7C40CE26-0D34-4664-B8BA-3AFFCF78B66A} = {D92AE85D-1F6B-409B-99AA-8804E065C177}
		{09F28C80-0478-4967-90C5-CF962C7A817F} = {31F90361-2F19-43FA-82DD-AA2FA6D5FB6D}
		{A2342071-12BB-4AE7-8003-E39042ADF239} = {B98CF411-A99D-4B3D-B256-8496F2990FB7}
		{73E9C897-7D5C-4004-9B06-F3E6C10BE154} = {31F90361-2F19-43FA-82DD-AA2FA6D5FB6D}
		{53F22B16-F14A-4F62-AB8B-C4F12EF7C3D1} = {31F90361-2F19-43FA-82DD-AA2FA6D5FB6D}
	EndGlobalSection
	GlobalSection(ProjectConfigurationPlatforms) = postSolution
		{BE1E0B0D-C1BD-444E-B4BD-154B82D7D2D8}.Debug|Any CPU.ActiveCfg = Debug|Any CPU
		{BE1E0B0D-C1BD-444E-B4BD-154B82D7D2D8}.Debug|Any CPU.Build.0 = Debug|Any CPU
		{BE1E0B0D-C1BD-444E-B4BD-154B82D7D2D8}.Release|Any CPU.ActiveCfg = Release|Any CPU
		{BE1E0B0D-C1BD-444E-B4BD-154B82D7D2D8}.Release|Any CPU.Build.0 = Release|Any CPU
		{90745611-C3AB-47BE-84E9-AC292646A8BB}.Debug|Any CPU.ActiveCfg = Debug|Any CPU
		{90745611-C3AB-47BE-84E9-AC292646A8BB}.Debug|Any CPU.Build.0 = Debug|Any CPU
		{90745611-C3AB-47BE-84E9-AC292646A8BB}.Release|Any CPU.ActiveCfg = Release|Any CPU
		{90745611-C3AB-47BE-84E9-AC292646A8BB}.Release|Any CPU.Build.0 = Release|Any CPU
		{FA2D1A05-1E32-42FB-B205-D32886C16553}.Debug|Any CPU.ActiveCfg = Debug|Any CPU
		{FA2D1A05-1E32-42FB-B205-D32886C16553}.Debug|Any CPU.Build.0 = Debug|Any CPU
		{FA2D1A05-1E32-42FB-B205-D32886C16553}.Release|Any CPU.ActiveCfg = Release|Any CPU
		{FA2D1A05-1E32-42FB-B205-D32886C16553}.Release|Any CPU.Build.0 = Release|Any CPU
		{7C40CE26-0D34-4664-B8BA-3AFFCF78B66A}.Debug|Any CPU.ActiveCfg = Debug|Any CPU
		{7C40CE26-0D34-4664-B8BA-3AFFCF78B66A}.Debug|Any CPU.Build.0 = Debug|Any CPU
		{7C40CE26-0D34-4664-B8BA-3AFFCF78B66A}.Release|Any CPU.ActiveCfg = Release|Any CPU
		{7C40CE26-0D34-4664-B8BA-3AFFCF78B66A}.Release|Any CPU.Build.0 = Release|Any CPU
		{09F28C80-0478-4967-90C5-CF962C7A817F}.Debug|Any CPU.ActiveCfg = Debug|Any CPU
		{09F28C80-0478-4967-90C5-CF962C7A817F}.Debug|Any CPU.Build.0 = Debug|Any CPU
		{09F28C80-0478-4967-90C5-CF962C7A817F}.Release|Any CPU.ActiveCfg = Release|Any CPU
		{09F28C80-0478-4967-90C5-CF962C7A817F}.Release|Any CPU.Build.0 = Release|Any CPU
		{A2342071-12BB-4AE7-8003-E39042ADF239}.Debug|Any CPU.ActiveCfg = Debug|Any CPU
		{A2342071-12BB-4AE7-8003-E39042ADF239}.Debug|Any CPU.Build.0 = Debug|Any CPU
		{A2342071-12BB-4AE7-8003-E39042ADF239}.Release|Any CPU.ActiveCfg = Release|Any CPU
		{A2342071-12BB-4AE7-8003-E39042ADF239}.Release|Any CPU.Build.0 = Release|Any CPU
		{73E9C897-7D5C-4004-9B06-F3E6C10BE154}.Debug|Any CPU.ActiveCfg = Debug|Any CPU
		{73E9C897-7D5C-4004-9B06-F3E6C10BE154}.Debug|Any CPU.Build.0 = Debug|Any CPU
		{73E9C897-7D5C-4004-9B06-F3E6C10BE154}.Release|Any CPU.ActiveCfg = Release|Any CPU
		{73E9C897-7D5C-4004-9B06-F3E6C10BE154}.Release|Any CPU.Build.0 = Release|Any CPU
		{53F22B16-F14A-4F62-AB8B-C4F12EF7C3D1}.Debug|Any CPU.ActiveCfg = Debug|Any CPU
		{53F22B16-F14A-4F62-AB8B-C4F12EF7C3D1}.Debug|Any CPU.Build.0 = Debug|Any CPU
		{53F22B16-F14A-4F62-AB8B-C4F12EF7C3D1}.Release|Any CPU.ActiveCfg = Release|Any CPU
		{53F22B16-F14A-4F62-AB8B-C4F12EF7C3D1}.Release|Any CPU.Build.0 = Release|Any CPU
	EndGlobalSection
EndGlobal
